
Microsoft Visual Studio Solution File, Format Version 12.00
# Visual Studio Version 16
VisualStudioVersion = 16.0.29519.87
MinimumVisualStudioVersion = 10.0.40219.1
Project("{FAE04EC0-301F-11D3-BF4B-00C04F79EFBC}") = "Enums", "Enums\Enums.csproj", "{34BE6D50-B635-4A15-9AAE-9E3A0379A2E8}"
EndProject
Project("{FAE04EC0-301F-11D3-BF4B-00C04F79EFBC}") = "Enums.Tests", "Enums.Tests\Enums.Tests.csproj", "{CEDCA187-7D5B-4700-8AAF-F14E96B75E21}"
EndProject
Global
	GlobalSection(SolutionConfigurationPlatforms) = preSolution
		Debug|Any CPU = Debug|Any CPU
		Release|Any CPU = Release|Any CPU
	EndGlobalSection
	GlobalSection(ProjectConfigurationPlatforms) = postSolution
		{34BE6D50-B635-4A15-9AAE-9E3A0379A2E8}.Debug|Any CPU.ActiveCfg = Debug|Any CPU
		{34BE6D50-B635-4A15-9AAE-9E3A0379A2E8}.Debug|Any CPU.Build.0 = Debug|Any CPU
		{34BE6D50-B635-4A15-9AAE-9E3A0379A2E8}.Release|Any CPU.ActiveCfg = Release|Any CPU
		{34BE6D50-B635-4A15-9AAE-9E3A0379A2E8}.Release|Any CPU.Build.0 = Release|Any CPU
		{CEDCA187-7D5B-4700-8AAF-F14E96B75E21}.Debug|Any CPU.ActiveCfg = Debug|Any CPU
		{CEDCA187-7D5B-4700-8AAF-F14E96B75E21}.Debug|Any CPU.Build.0 = Debug|Any CPU
		{CEDCA187-7D5B-4700-8AAF-F14E96B75E21}.Release|Any CPU.ActiveCfg = Release|Any CPU
		{CEDCA187-7D5B-4700-8AAF-F14E96B75E21}.Release|Any CPU.Build.0 = Release|Any CPU
	EndGlobalSection
	GlobalSection(SolutionProperties) = preSolution
		HideSolutionNode = FALSE
	EndGlobalSection
	GlobalSection(ExtensibilityGlobals) = postSolution
		SolutionGuid = {D25D020C-3256-4F39-B36D-6E8F8F6490DF}
	EndGlobalSection
EndGlobal
